// !$*UTF8*$!
{
	archiveVersion = 1;
	classes = {
	};
	objectVersion = 50;
	objects = {

/* Begin PBXBuildFile section */
		3A8F10EE251FCC00002AA5C1 /* TableViewController.swift in Sources */ = {isa = PBXBuildFile; fileRef = 3A8F10ED251FCC00002AA5C1 /* TableViewController.swift */; };
		3A8F10F0251FCC2B002AA5C1 /* DetailViewController.swift in Sources */ = {isa = PBXBuildFile; fileRef = 3A8F10EF251FCC2B002AA5C1 /* DetailViewController.swift */; };
		3A8F115525244DCE002AA5C1 /* dataSource.swift in Sources */ = {isa = PBXBuildFile; fileRef = 3A8F115425244DCE002AA5C1 /* dataSource.swift */; };
		C288D6A6251F2E1E008CBE82 /* AppDelegate.swift in Sources */ = {isa = PBXBuildFile; fileRef = C288D6A5251F2E1E008CBE82 /* AppDelegate.swift */; };
		C288D6A8251F2E1E008CBE82 /* EditDetailsViewController.swift in Sources */ = {isa = PBXBuildFile; fileRef = C288D6A7251F2E1E008CBE82 /* EditDetailsViewController.swift */; };
		C288D6AA251F2E1F008CBE82 /* Assets.xcassets in Resources */ = {isa = PBXBuildFile; fileRef = C288D6A9251F2E1F008CBE82 /* Assets.xcassets */; };
		C288D6AD251F2E1F008CBE82 /* Main.storyboard in Resources */ = {isa = PBXBuildFile; fileRef = C288D6AB251F2E1F008CBE82 /* Main.storyboard */; };
		C288D6B7251F2FA4008CBE82 /* Shop.swift in Sources */ = {isa = PBXBuildFile; fileRef = C288D6B6251F2FA4008CBE82 /* Shop.swift */; };
/* End PBXBuildFile section */

/* Begin PBXFileReference section */
		3A8F10ED251FCC00002AA5C1 /* TableViewController.swift */ = {isa = PBXFileReference; lastKnownFileType = sourcecode.swift; path = TableViewController.swift; sourceTree = "<group>"; };
		3A8F10EF251FCC2B002AA5C1 /* DetailViewController.swift */ = {isa = PBXFileReference; lastKnownFileType = sourcecode.swift; path = DetailViewController.swift; sourceTree = "<group>"; };
		3A8F115425244DCE002AA5C1 /* dataSource.swift */ = {isa = PBXFileReference; lastKnownFileType = sourcecode.swift; path = dataSource.swift; sourceTree = "<group>"; };
		C288D6A2251F2E1E008CBE82 /* ShopTask.app */ = {isa = PBXFileReference; explicitFileType = wrapper.application; includeInIndex = 0; path = ShopTask.app; sourceTree = BUILT_PRODUCTS_DIR; };
		C288D6A5251F2E1E008CBE82 /* AppDelegate.swift */ = {isa = PBXFileReference; lastKnownFileType = sourcecode.swift; path = AppDelegate.swift; sourceTree = "<group>"; };
		C288D6A7251F2E1E008CBE82 /* EditDetailsViewController.swift */ = {isa = PBXFileReference; lastKnownFileType = sourcecode.swift; path = EditDetailsViewController.swift; sourceTree = "<group>"; };
		C288D6A9251F2E1F008CBE82 /* Assets.xcassets */ = {isa = PBXFileReference; lastKnownFileType = folder.assetcatalog; path = Assets.xcassets; sourceTree = "<group>"; };
		C288D6AC251F2E1F008CBE82 /* Base */ = {isa = PBXFileReference; lastKnownFileType = file.storyboard; name = Base; path = Base.lproj/Main.storyboard; sourceTree = "<group>"; };
		C288D6AE251F2E1F008CBE82 /* Info.plist */ = {isa = PBXFileReference; lastKnownFileType = text.plist.xml; path = Info.plist; sourceTree = "<group>"; };
		C288D6AF251F2E1F008CBE82 /* ShopTask.entitlements */ = {isa = PBXFileReference; lastKnownFileType = text.plist.entitlements; path = ShopTask.entitlements; sourceTree = "<group>"; };
		C288D6B6251F2FA4008CBE82 /* Shop.swift */ = {isa = PBXFileReference; lastKnownFileType = sourcecode.swift; path = Shop.swift; sourceTree = "<group>"; };
/* End PBXFileReference section */

/* Begin PBXFrameworksBuildPhase section */
		C288D69F251F2E1D008CBE82 /* Frameworks */ = {
			isa = PBXFrameworksBuildPhase;
			buildActionMask = 2147483647;
			files = (
			);
			runOnlyForDeploymentPostprocessing = 0;
		};
/* End PBXFrameworksBuildPhase section */

/* Begin PBXGroup section */
		3A8F10F1251FCC66002AA5C1 /* ViewControllers */ = {
			isa = PBXGroup;
			children = (
				C288D6A7251F2E1E008CBE82 /* EditDetailsViewController.swift */,
				3A8F10EF251FCC2B002AA5C1 /* DetailViewController.swift */,
				3A8F10ED251FCC00002AA5C1 /* TableViewController.swift */,
				3A8F115425244DCE002AA5C1 /* dataSource.swift */,
			);
			path = ViewControllers;
			sourceTree = "<group>";
		};
		C288D699251F2E1D008CBE82 = {
			isa = PBXGroup;
			children = (
				C288D6A4251F2E1E008CBE82 /* ShopTask */,
				C288D6A3251F2E1E008CBE82 /* Products */,
			);
			sourceTree = "<group>";
		};
		C288D6A3251F2E1E008CBE82 /* Products */ = {
			isa = PBXGroup;
			children = (
				C288D6A2251F2E1E008CBE82 /* ShopTask.app */,
			);
			name = Products;
			sourceTree = "<group>";
		};
		C288D6A4251F2E1E008CBE82 /* ShopTask */ = {
			isa = PBXGroup;
			children = (
				C288D6A5251F2E1E008CBE82 /* AppDelegate.swift */,
				C288D6A9251F2E1F008CBE82 /* Assets.xcassets */,
				C288D6AB251F2E1F008CBE82 /* Main.storyboard */,
				3A8F10F1251FCC66002AA5C1 /* ViewControllers */,
				C288D6B6251F2FA4008CBE82 /* Shop.swift */,
				C288D6AE251F2E1F008CBE82 /* Info.plist */,
				C288D6AF251F2E1F008CBE82 /* ShopTask.entitlements */,
			);
			path = ShopTask;
			sourceTree = "<group>";
		};
/* End PBXGroup section */

/* Begin PBXNativeTarget section */
		C288D6A1251F2E1D008CBE82 /* ShopTask */ = {
			isa = PBXNativeTarget;
			buildConfigurationList = C288D6B2251F2E1F008CBE82 /* Build configuration list for PBXNativeTarget "ShopTask" */;
			buildPhases = (
				C288D69E251F2E1D008CBE82 /* Sources */,
				C288D69F251F2E1D008CBE82 /* Frameworks */,
				C288D6A0251F2E1D008CBE82 /* Resources */,
			);
			buildRules = (
			);
			dependencies = (
			);
			name = ShopTask;
			productName = ShopTask;
			productReference = C288D6A2251F2E1E008CBE82 /* ShopTask.app */;
			productType = "com.apple.product-type.application";
		};
/* End PBXNativeTarget section */

/* Begin PBXProject section */
		C288D69A251F2E1D008CBE82 /* Project object */ = {
			isa = PBXProject;
			attributes = {
				LastSwiftUpdateCheck = 1200;
				LastUpgradeCheck = 1200;
				TargetAttributes = {
					C288D6A1251F2E1D008CBE82 = {
						CreatedOnToolsVersion = 12.0;
					};
				};
			};
			buildConfigurationList = C288D69D251F2E1D008CBE82 /* Build configuration list for PBXProject "ShopTask" */;
			compatibilityVersion = "Xcode 9.3";
			developmentRegion = en;
			hasScannedForEncodings = 0;
			knownRegions = (
				en,
				Base,
			);
			mainGroup = C288D699251F2E1D008CBE82;
			productRefGroup = C288D6A3251F2E1E008CBE82 /* Products */;
			projectDirPath = "";
			projectRoot = "";
			targets = (
				C288D6A1251F2E1D008CBE82 /* ShopTask */,
			);
		};
/* End PBXProject section */

/* Begin PBXResourcesBuildPhase section */
		C288D6A0251F2E1D008CBE82 /* Resources */ = {
			isa = PBXResourcesBuildPhase;
			buildActionMask = 2147483647;
			files = (
				C288D6AA251F2E1F008CBE82 /* Assets.xcassets in Resources */,
				C288D6AD251F2E1F008CBE82 /* Main.storyboard in Resources */,
			);
			runOnlyForDeploymentPostprocessing = 0;
		};
/* End PBXResourcesBuildPhase section */

/* Begin PBXSourcesBuildPhase section */
		C288D69E251F2E1D008CBE82 /* Sources */ = {
			isa = PBXSourcesBuildPhase;
			buildActionMask = 2147483647;
			files = (
				C288D6B7251F2FA4008CBE82 /* Shop.swift in Sources */,
				C288D6A8251F2E1E008CBE82 /* EditDetailsViewController.swift in Sources */,
				3A8F115525244DCE002AA5C1 /* dataSource.swift in Sources */,
				3A8F10F0251FCC2B002AA5C1 /* DetailViewController.swift in Sources */,
				C288D6A6251F2E1E008CBE82 /* AppDelegate.swift in Sources */,
				3A8F10EE251FCC00002AA5C1 /* TableViewController.swift in Sources */,
			);
			runOnlyForDeploymentPostprocessing = 0;
		};
/* End PBXSourcesBuildPhase section */

/* Begin PBXVariantGroup section */
		C288D6AB251F2E1F008CBE82 /* Main.storyboard */ = {
			isa = PBXVariantGroup;
			children = (
				C288D6AC251F2E1F008CBE82 /* Base */,
			);
			name = Main.storyboard;
			sourceTree = "<group>";
		};
/* End PBXVariantGroup section */

/* Begin XCBuildConfiguration section */
		C288D6B0251F2E1F008CBE82 /* Debug */ = {
			isa = XCBuildConfiguration;
			buildSettings = {
				ALWAYS_SEARCH_USER_PATHS = NO;
				CLANG_ANALYZER_NONNULL = YES;
				CLANG_ANALYZER_NUMBER_OBJECT_CONVERSION = YES_AGGRESSIVE;
				CLANG_CXX_LANGUAGE_STANDARD = "gnu++14";
				CLANG_CXX_LIBRARY = "libc++";
				CLANG_ENABLE_MODULES = YES;
				CLANG_ENABLE_OBJC_ARC = YES;
				CLANG_ENABLE_OBJC_WEAK = YES;
				CLANG_WARN_BLOCK_CAPTURE_AUTORELEASING = YES;
				CLANG_WARN_BOOL_CONVERSION = YES;
				CLANG_WARN_COMMA = YES;
				CLANG_WARN_CONSTANT_CONVERSION = YES;
				CLANG_WARN_DEPRECATED_OBJC_IMPLEMENTATIONS = YES;
				CLANG_WARN_DIRECT_OBJC_ISA_USAGE = YES_ERROR;
				CLANG_WARN_DOCUMENTATION_COMMENTS = YES;
				CLANG_WARN_EMPTY_BODY = YES;
				CLANG_WARN_ENUM_CONVERSION = YES;
				CLANG_WARN_INFINITE_RECURSION = YES;
				CLANG_WARN_INT_CONVERSION = YES;
				CLANG_WARN_NON_LITERAL_NULL_CONVERSION = YES;
				CLANG_WARN_OBJC_IMPLICIT_RETAIN_SELF = YES;
				CLANG_WARN_OBJC_LITERAL_CONVERSION = YES;
				CLANG_WARN_OBJC_ROOT_CLASS = YES_ERROR;
				CLANG_WARN_QUOTED_INCLUDE_IN_FRAMEWORK_HEADER = YES;
				CLANG_WARN_RANGE_LOOP_ANALYSIS = YES;
				CLANG_WARN_STRICT_PROTOTYPES = YES;
				CLANG_WARN_SUSPICIOUS_MOVE = YES;
				CLANG_WARN_UNGUARDED_AVAILABILITY = YES_AGGRESSIVE;
				CLANG_WARN_UNREACHABLE_CODE = YES;
				CLANG_WARN__DUPLICATE_METHOD_MATCH = YES;
				COPY_PHASE_STRIP = NO;
				DEBUG_INFORMATION_FORMAT = dwarf;
				ENABLE_STRICT_OBJC_MSGSEND = YES;
				ENABLE_TESTABILITY = YES;
				GCC_C_LANGUAGE_STANDARD = gnu11;
				GCC_DYNAMIC_NO_PIC = NO;
				GCC_NO_COMMON_BLOCKS = YES;
				GCC_OPTIMIZATION_LEVEL = 0;
				GCC_PREPROCESSOR_DEFINITIONS = (
					"DEBUG=1",
					"$(inherited)",
				);
				GCC_WARN_64_TO_32_BIT_CONVERSION = YES;
				GCC_WARN_ABOUT_RETURN_TYPE = YES_ERROR;
				GCC_WARN_UNDECLARED_SELECTOR = YES;
				GCC_WARN_UNINITIALIZED_AUTOS = YES_AGGRESSIVE;
				GCC_WARN_UNUSED_FUNCTION = YES;
				GCC_WARN_UNUSED_VARIABLE = YES;
				MACOSX_DEPLOYMENT_TARGET = 10.15;
				MTL_ENABLE_DEBUG_INFO = INCLUDE_SOURCE;
				MTL_FAST_MATH = YES;
				ONLY_ACTIVE_ARCH = YES;
				SDKROOT = macosx;
				SWIFT_ACTIVE_COMPILATION_CONDITIONS = DEBUG;
				SWIFT_OPTIMIZATION_LEVEL = "-Onone";
			};
			name = Debug;
		};
		C288D6B1251F2E1F008CBE82 /* Release */ = {
			isa = XCBuildConfiguration;
			buildSettings = {
				ALWAYS_SEARCH_USER_PATHS = NO;
				CLANG_ANALYZER_NONNULL = YES;
				CLANG_ANALYZER_NUMBER_OBJECT_CONVERSION = YES_AGGRESSIVE;
				CLANG_CXX_LANGUAGE_STANDARD = "gnu++14";
				CLANG_CXX_LIBRARY = "libc++";
				CLANG_ENABLE_MODULES = YES;
				CLANG_ENABLE_OBJC_ARC = YES;
				CLANG_ENABLE_OBJC_WEAK = YES;
				CLANG_WARN_BLOCK_CAPTURE_AUTORELEASING = YES;
				CLANG_WARN_BOOL_CONVERSION = YES;
				CLANG_WARN_COMMA = YES;
				CLANG_WARN_CONSTANT_CONVERSION = YES;
				CLANG_WARN_DEPRECATED_OBJC_IMPLEMENTATIONS = YES;
				CLANG_WARN_DIRECT_OBJC_ISA_USAGE = YES_ERROR;
				CLANG_WARN_DOCUMENTATION_COMMENTS = YES;
				CLANG_WARN_EMPTY_BODY = YES;
				CLANG_WARN_ENUM_CONVERSION = YES;
				CLANG_WARN_INFINITE_RECURSION = YES;
				CLANG_WARN_INT_CONVERSION = YES;
				CLANG_WARN_NON_LITERAL_NULL_CONVERSION = YES;
				CLANG_WARN_OBJC_IMPLICIT_RETAIN_SELF = YES;
				CLANG_WARN_OBJC_LITERAL_CONVERSION = YES;
				CLANG_WARN_OBJC_ROOT_CLASS = YES_ERROR;
				CLANG_WARN_QUOTED_INCLUDE_IN_FRAMEWORK_HEADER = YES;
				CLANG_WARN_RANGE_LOOP_ANALYSIS = YES;
				CLANG_WARN_STRICT_PROTOTYPES = YES;
				CLANG_WARN_SUSPICIOUS_MOVE = YES;
				CLANG_WARN_UNGUARDED_AVAILABILITY = YES_AGGRESSIVE;
				CLANG_WARN_UNREACHABLE_CODE = YES;
				CLANG_WARN__DUPLICATE_METHOD_MATCH = YES;
				COPY_PHASE_STRIP = NO;
				DEBUG_INFORMATION_FORMAT = "dwarf-with-dsym";
				ENABLE_NS_ASSERTIONS = NO;
				ENABLE_STRICT_OBJC_MSGSEND = YES;
				GCC_C_LANGUAGE_STANDARD = gnu11;
				GCC_NO_COMMON_BLOCKS = YES;
				GCC_WARN_64_TO_32_BIT_CONVERSION = YES;
				GCC_WARN_ABOUT_RETURN_TYPE = YES_ERROR;
				GCC_WARN_UNDECLARED_SELECTOR = YES;
				GCC_WARN_UNINITIALIZED_AUTOS = YES_AGGRESSIVE;
				GCC_WARN_UNUSED_FUNCTION = YES;
				GCC_WARN_UNUSED_VARIABLE = YES;
				MACOSX_DEPLOYMENT_TARGET = 10.15;
				MTL_ENABLE_DEBUG_INFO = NO;
				MTL_FAST_MATH = YES;
				SDKROOT = macosx;
				SWIFT_COMPILATION_MODE = wholemodule;
				SWIFT_OPTIMIZATION_LEVEL = "-O";
			};
			name = Release;
		};
		C288D6B3251F2E1F008CBE82 /* Debug */ = {
			isa = XCBuildConfiguration;
			buildSettings = {
				ASSETCATALOG_COMPILER_APPICON_NAME = AppIcon;
				ASSETCATALOG_COMPILER_GLOBAL_ACCENT_COLOR_NAME = AccentColor;
				CODE_SIGN_ENTITLEMENTS = ShopTask/ShopTask.entitlements;
				CODE_SIGN_STYLE = Automatic;
				COMBINE_HIDPI_IMAGES = YES;
				DEVELOPMENT_TEAM = 8J73Q43L2S;
				ENABLE_HARDENED_RUNTIME = YES;
				INFOPLIST_FILE = ShopTask/Info.plist;
				LD_RUNPATH_SEARCH_PATHS = (
					"$(inherited)",
					"@executable_path/../Frameworks",
				);
				PRODUCT_BUNDLE_IDENTIFIER = lt.1011.ShopTask;
				PRODUCT_NAME = "$(TARGET_NAME)";
				SWIFT_VERSION = 5.0;
			};
			name = Debug;
		};
		C288D6B4251F2E1F008CBE82 /* Release */ = {
			isa = XCBuildConfiguration;
			buildSettings = {
				ASSETCATALOG_COMPILER_APPICON_NAME = AppIcon;
				ASSETCATALOG_COMPILER_GLOBAL_ACCENT_COLOR_NAME = AccentColor;
				CODE_SIGN_ENTITLEMENTS = ShopTask/ShopTask.entitlements;
				CODE_SIGN_STYLE = Automatic;
				COMBINE_HIDPI_IMAGES = YES;
				DEVELOPMENT_TEAM = 8J73Q43L2S;
				ENABLE_HARDENED_RUNTIME = YES;
				INFOPLIST_FILE = ShopTask/Info.plist;
				LD_RUNPATH_SEARCH_PATHS = (
					"$(inherited)",
					"@executable_path/../Frameworks",
				);
				PRODUCT_BUNDLE_IDENTIFIER = lt.1011.ShopTask;
				PRODUCT_NAME = "$(TARGET_NAME)";
				SWIFT_VERSION = 5.0;
			};
			name = Release;
		};
/* End XCBuildConfiguration section */

/* Begin XCConfigurationList section */
		C288D69D251F2E1D008CBE82 /* Build configuration list for PBXProject "ShopTask" */ = {
			isa = XCConfigurationList;
			buildConfigurations = (
				C288D6B0251F2E1F008CBE82 /* Debug */,
				C288D6B1251F2E1F008CBE82 /* Release */,
			);
			defaultConfigurationIsVisible = 0;
			defaultConfigurationName = Release;
		};
		C288D6B2251F2E1F008CBE82 /* Build configuration list for PBXNativeTarget "ShopTask" */ = {
			isa = XCConfigurationList;
			buildConfigurations = (
				C288D6B3251F2E1F008CBE82 /* Debug */,
				C288D6B4251F2E1F008CBE82 /* Release */,
			);
			defaultConfigurationIsVisible = 0;
			defaultConfigurationName = Release;
		};
/* End XCConfigurationList section */
	};
	rootObject = C288D69A251F2E1D008CBE82 /* Project object */;
}
